
Microsoft Visual Studio Solution File, Format Version 12.00
# Visual Studio Version 16
VisualStudioVersion = 16.0.31424.327
MinimumVisualStudioVersion = 10.0.40219.1
Project("{2150E333-8FDC-42A3-9474-1A3956D46DE8}") = "Tests", "Tests", "{A1E78010-8910-4ABE-9494-ED02EFAE749E}"
EndProject
Project("{9A19103F-16F7-4668-BE54-9A1E7A4F7556}") = "AlarmClock.Modules.ModuleName.Tests", "AlarmClock\Tests\AlarmClock.Modules.ModuleName.Tests\AlarmClock.Modules.ModuleName.Tests.csproj", "{DC7B4748-7AB0-484E-ACDD-2FED7C8B29F4}"
EndProject
Project("{2150E333-8FDC-42A3-9474-1A3956D46DE8}") = "Modules", "Modules", "{281C0A73-91A3-410B-875F-9164273BF97B}"
EndProject
Project("{2150E333-8FDC-42A3-9474-1A3956D46DE8}") = "Services", "Services", "{D0DDEDEB-AA7D-41A0-A770-22010AE5866F}"
EndProject
Project("{9A19103F-16F7-4668-BE54-9A1E7A4F7556}") = "AlarmClock", "AlarmClock\AlarmClock\AlarmClock.csproj", "{BF55146F-1952-4766-BAE0-B8F67BBCC22E}"
EndProject
Project("{9A19103F-16F7-4668-BE54-9A1E7A4F7556}") = "AlarmClock.Core", "AlarmClock\AlarmClock.Core\AlarmClock.Core.csproj", "{6C8D111C-A0CF-4FB5-B3AA-D4E2D3CDABBD}"
EndProject
Project("{9A19103F-16F7-4668-BE54-9A1E7A4F7556}") = "AlarmClock.Modules.ModuleSettings", "AlarmClock\Modules\AlarmClock.Modules.ModuleSettings\AlarmClock.Modules.ModuleSettings.csproj", "{678381EC-E85F-429F-AF31-328996FB48AD}"
EndProject
Project("{9A19103F-16F7-4668-BE54-9A1E7A4F7556}") = "AlarmClock.Modules.ViewModules", "AlarmClock\Modules\AlarmClock.Modules.ViewModules\AlarmClock.Modules.ViewModules.csproj", "{F919718D-90C5-4E2E-8D47-1B4DD278237E}"
EndProject
Project("{9A19103F-16F7-4668-BE54-9A1E7A4F7556}") = "AlarmClock.Modules.ModuleAlarm", "AlarmClock\Modules\AlarmClock.Modules.ModuleAlarm\AlarmClock.Modules.ModuleAlarm.csproj", "{EF93EC64-B066-4CA9-8669-7D2D1BA45EE4}"
EndProject
Project("{9A19103F-16F7-4668-BE54-9A1E7A4F7556}") = "AlarmClock.Modules.ModuleNotification", "AlarmClock\Modules\AlarmClock.Modules.ModuleNotification\AlarmClock.Modules.ModuleNotification.csproj", "{6C4DF2A1-4073-4F1B-B8B4-080800C4F5AA}"
EndProject
Global
	GlobalSection(SolutionConfigurationPlatforms) = preSolution
		Debug|Any CPU = Debug|Any CPU
		Release|Any CPU = Release|Any CPU
	EndGlobalSection
	GlobalSection(ProjectConfigurationPlatforms) = postSolution
		{DC7B4748-7AB0-484E-ACDD-2FED7C8B29F4}.Debug|Any CPU.ActiveCfg = Debug|Any CPU
		{DC7B4748-7AB0-484E-ACDD-2FED7C8B29F4}.Debug|Any CPU.Build.0 = Debug|Any CPU
		{DC7B4748-7AB0-484E-ACDD-2FED7C8B29F4}.Release|Any CPU.ActiveCfg = Release|Any CPU
		{DC7B4748-7AB0-484E-ACDD-2FED7C8B29F4}.Release|Any CPU.Build.0 = Release|Any CPU
		{BF55146F-1952-4766-BAE0-B8F67BBCC22E}.Debug|Any CPU.ActiveCfg = Debug|Any CPU
		{BF55146F-1952-4766-BAE0-B8F67BBCC22E}.Debug|Any CPU.Build.0 = Debug|Any CPU
		{BF55146F-1952-4766-BAE0-B8F67BBCC22E}.Release|Any CPU.ActiveCfg = Release|Any CPU
		{BF55146F-1952-4766-BAE0-B8F67BBCC22E}.Release|Any CPU.Build.0 = Release|Any CPU
		{6C8D111C-A0CF-4FB5-B3AA-D4E2D3CDABBD}.Debug|Any CPU.ActiveCfg = Debug|Any CPU
		{6C8D111C-A0CF-4FB5-B3AA-D4E2D3CDABBD}.Debug|Any CPU.Build.0 = Debug|Any CPU
		{6C8D111C-A0CF-4FB5-B3AA-D4E2D3CDABBD}.Release|Any CPU.ActiveCfg = Release|Any CPU
		{6C8D111C-A0CF-4FB5-B3AA-D4E2D3CDABBD}.Release|Any CPU.Build.0 = Release|Any CPU
		{678381EC-E85F-429F-AF31-328996FB48AD}.Debug|Any CPU.ActiveCfg = Debug|Any CPU
		{678381EC-E85F-429F-AF31-328996FB48AD}.Debug|Any CPU.Build.0 = Debug|Any CPU
		{678381EC-E85F-429F-AF31-328996FB48AD}.Release|Any CPU.ActiveCfg = Release|Any CPU
		{678381EC-E85F-429F-AF31-328996FB48AD}.Release|Any CPU.Build.0 = Release|Any CPU
		{F919718D-90C5-4E2E-8D47-1B4DD278237E}.Debug|Any CPU.ActiveCfg = Debug|Any CPU
		{F919718D-90C5-4E2E-8D47-1B4DD278237E}.Debug|Any CPU.Build.0 = Debug|Any CPU
		{F919718D-90C5-4E2E-8D47-1B4DD278237E}.Release|Any CPU.ActiveCfg = Release|Any CPU
		{F919718D-90C5-4E2E-8D47-1B4DD278237E}.Release|Any CPU.Build.0 = Release|Any CPU
		{EF93EC64-B066-4CA9-8669-7D2D1BA45EE4}.Debug|Any CPU.ActiveCfg = Debug|Any CPU
		{EF93EC64-B066-4CA9-8669-7D2D1BA45EE4}.Debug|Any CPU.Build.0 = Debug|Any CPU
		{EF93EC64-B066-4CA9-8669-7D2D1BA45EE4}.Release|Any CPU.ActiveCfg = Release|Any CPU
		{EF93EC64-B066-4CA9-8669-7D2D1BA45EE4}.Release|Any CPU.Build.0 = Release|Any CPU
		{6C4DF2A1-4073-4F1B-B8B4-080800C4F5AA}.Debug|Any CPU.ActiveCfg = Debug|Any CPU
		{6C4DF2A1-4073-4F1B-B8B4-080800C4F5AA}.Debug|Any CPU.Build.0 = Debug|Any CPU
		{6C4DF2A1-4073-4F1B-B8B4-080800C4F5AA}.Release|Any CPU.ActiveCfg = Release|Any CPU
		{6C4DF2A1-4073-4F1B-B8B4-080800C4F5AA}.Release|Any CPU.Build.0 = Release|Any CPU
	EndGlobalSection
	GlobalSection(SolutionProperties) = preSolution
		HideSolutionNode = FALSE
	EndGlobalSection
	GlobalSection(NestedProjects) = preSolution
		{DC7B4748-7AB0-484E-ACDD-2FED7C8B29F4} = {A1E78010-8910-4ABE-9494-ED02EFAE749E}
		{678381EC-E85F-429F-AF31-328996FB48AD} = {281C0A73-91A3-410B-875F-9164273BF97B}
		{F919718D-90C5-4E2E-8D47-1B4DD278237E} = {281C0A73-91A3-410B-875F-9164273BF97B}
		{EF93EC64-B066-4CA9-8669-7D2D1BA45EE4} = {281C0A73-91A3-410B-875F-9164273BF97B}
		{6C4DF2A1-4073-4F1B-B8B4-080800C4F5AA} = {281C0A73-91A3-410B-875F-9164273BF97B}
	EndGlobalSection
	GlobalSection(ExtensibilityGlobals) = postSolution
		SolutionGuid = {D390B8AF-1046-4582-A85B-6112DB0668D6}
	EndGlobalSection
EndGlobal
